
Microsoft Visual Studio Solution File, Format Version 12.00
# Visual Studio Version 17
VisualStudioVersion = 17.4.33213.308
MinimumVisualStudioVersion = 10.0.40219.1
Project("{888888A0-9F3D-457C-B088-3A5042F75D52}") = "WordGen", "WordGen\WordGen.pyproj", "{C2420E1E-98E1-4B8C-8E94-924F21906A9F}"
EndProject
Global
	GlobalSection(SolutionConfigurationPlatforms) = preSolution
		Debug|Any CPU = Debug|Any CPU
		Release|Any CPU = Release|Any CPU
	EndGlobalSection
	GlobalSection(ProjectConfigurationPlatforms) = postSolution
		{C2420E1E-98E1-4B8C-8E94-924F21906A9F}.Debug|Any CPU.ActiveCfg = Debug|Any CPU
		{C2420E1E-98E1-4B8C-8E94-924F21906A9F}.Release|Any CPU.ActiveCfg = Release|Any CPU
	EndGlobalSection
	GlobalSection(SolutionProperties) = preSolution
		HideSolutionNode = FALSE
	EndGlobalSection
	GlobalSection(ExtensibilityGlobals) = postSolution
		SolutionGuid = {0F85C906-800A-4E24-9E48-E56133BC06F5}
	EndGlobalSection
EndGlobal
